
Microsoft Visual Studio Solution File, Format Version 12.00
# Visual Studio Version 17
VisualStudioVersion = 17.1.32407.343
MinimumVisualStudioVersion = 10.0.40219.1
Project("{8BC9CEB8-8B4A-11D0-8D11-00A0C91BC942}") = "window", "window\window.vcxproj", "{976C9025-98ED-47F1-A767-14770C94F4E7}"
EndProject
Project("{8BC9CEB8-8B4A-11D0-8D11-00A0C91BC942}") = "mouse", "mouse\mouse.vcxproj", "{0D336F7E-616F-447D-A45D-4BA1274D4B87}"
EndProject
Project("{8BC9CEB8-8B4A-11D0-8D11-00A0C91BC942}") = "event", "event\event.vcxproj", "{BD92B7DC-CE23-47A7-B306-75A1972AD2F7}"
EndProject
Project("{8BC9CEB8-8B4A-11D0-8D11-00A0C91BC942}") = "circle", "circle\circle.vcxproj", "{9FD630F7-5E47-49A9-9CD9-946A4D371848}"
EndProject
Project("{8BC9CEB8-8B4A-11D0-8D11-00A0C91BC942}") = "raster", "raster\raster.vcxproj", "{36ACA781-C187-4FD6-A76E-CA04FC7C6DE4}"
EndProject
Project("{8BC9CEB8-8B4A-11D0-8D11-00A0C91BC942}") = "namespace", "namespace\namespace.vcxproj", "{F92514A6-FED2-45B3-995C-94382F091EBF}"
	ProjectSection(ProjectDependencies) = postProject
		{F0802527-80DD-4C06-8C2A-402BF277CF85} = {F0802527-80DD-4C06-8C2A-402BF277CF85}
	EndProjectSection
EndProject
Project("{8BC9CEB8-8B4A-11D0-8D11-00A0C91BC942}") = "rgblib", "..\rgblib\rgblib\rgblib.vcxproj", "{F0802527-80DD-4C06-8C2A-402BF277CF85}"
EndProject
Project("{8BC9CEB8-8B4A-11D0-8D11-00A0C91BC942}") = "dependency", "dependency\dependency.vcxproj", "{8611B8A3-4A98-462D-A9B6-6C85328A3FC0}"
	ProjectSection(ProjectDependencies) = postProject
		{F0802527-80DD-4C06-8C2A-402BF277CF85} = {F0802527-80DD-4C06-8C2A-402BF277CF85}
	EndProjectSection
EndProject
Project("{8BC9CEB8-8B4A-11D0-8D11-00A0C91BC942}") = "line", "line\line.vcxproj", "{0273CA22-B59B-45DB-9E10-6C8FE4655DD1}"
	ProjectSection(ProjectDependencies) = postProject
		{F0802527-80DD-4C06-8C2A-402BF277CF85} = {F0802527-80DD-4C06-8C2A-402BF277CF85}
	EndProjectSection
EndProject
Project("{8BC9CEB8-8B4A-11D0-8D11-00A0C91BC942}") = "bitblt", "bitblt\bitblt.vcxproj", "{153E6C60-90B4-4EE9-8D26-24282B56E0C2}"
	ProjectSection(ProjectDependencies) = postProject
		{F0802527-80DD-4C06-8C2A-402BF277CF85} = {F0802527-80DD-4C06-8C2A-402BF277CF85}
	EndProjectSection
EndProject
Project("{8BC9CEB8-8B4A-11D0-8D11-00A0C91BC942}") = "redraw", "redraw\redraw.vcxproj", "{69091D67-45F6-4F6E-BD3F-946F2673BB3D}"
	ProjectSection(ProjectDependencies) = postProject
		{F0802527-80DD-4C06-8C2A-402BF277CF85} = {F0802527-80DD-4C06-8C2A-402BF277CF85}
	EndProjectSection
EndProject
Project("{8BC9CEB8-8B4A-11D0-8D11-00A0C91BC942}") = "pixel_center", "pixel_center\pixel_center.vcxproj", "{943DB0D9-AEF9-4F3A-AAA1-C42A2D500739}"
EndProject
Global
	GlobalSection(SolutionConfigurationPlatforms) = preSolution
		Debug|x64 = Debug|x64
		Debug|x86 = Debug|x86
		Release|x64 = Release|x64
		Release|x86 = Release|x86
	EndGlobalSection
	GlobalSection(ProjectConfigurationPlatforms) = postSolution
		{976C9025-98ED-47F1-A767-14770C94F4E7}.Debug|x64.ActiveCfg = Debug|x64
		{976C9025-98ED-47F1-A767-14770C94F4E7}.Debug|x64.Build.0 = Debug|x64
		{976C9025-98ED-47F1-A767-14770C94F4E7}.Debug|x86.ActiveCfg = Debug|Win32
		{976C9025-98ED-47F1-A767-14770C94F4E7}.Debug|x86.Build.0 = Debug|Win32
		{976C9025-98ED-47F1-A767-14770C94F4E7}.Release|x64.ActiveCfg = Release|x64
		{976C9025-98ED-47F1-A767-14770C94F4E7}.Release|x64.Build.0 = Release|x64
		{976C9025-98ED-47F1-A767-14770C94F4E7}.Release|x86.ActiveCfg = Release|Win32
		{976C9025-98ED-47F1-A767-14770C94F4E7}.Release|x86.Build.0 = Release|Win32
		{0D336F7E-616F-447D-A45D-4BA1274D4B87}.Debug|x64.ActiveCfg = Debug|x64
		{0D336F7E-616F-447D-A45D-4BA1274D4B87}.Debug|x64.Build.0 = Debug|x64
		{0D336F7E-616F-447D-A45D-4BA1274D4B87}.Debug|x86.ActiveCfg = Debug|Win32
		{0D336F7E-616F-447D-A45D-4BA1274D4B87}.Debug|x86.Build.0 = Debug|Win32
		{0D336F7E-616F-447D-A45D-4BA1274D4B87}.Release|x64.ActiveCfg = Release|x64
		{0D336F7E-616F-447D-A45D-4BA1274D4B87}.Release|x64.Build.0 = Release|x64
		{0D336F7E-616F-447D-A45D-4BA1274D4B87}.Release|x86.ActiveCfg = Release|Win32
		{0D336F7E-616F-447D-A45D-4BA1274D4B87}.Release|x86.Build.0 = Release|Win32
		{BD92B7DC-CE23-47A7-B306-75A1972AD2F7}.Debug|x64.ActiveCfg = Debug|x64
		{BD92B7DC-CE23-47A7-B306-75A1972AD2F7}.Debug|x64.Build.0 = Debug|x64
		{BD92B7DC-CE23-47A7-B306-75A1972AD2F7}.Debug|x86.ActiveCfg = Debug|Win32
		{BD92B7DC-CE23-47A7-B306-75A1972AD2F7}.Debug|x86.Build.0 = Debug|Win32
		{BD92B7DC-CE23-47A7-B306-75A1972AD2F7}.Release|x64.ActiveCfg = Release|x64
		{BD92B7DC-CE23-47A7-B306-75A1972AD2F7}.Release|x64.Build.0 = Release|x64
		{BD92B7DC-CE23-47A7-B306-75A1972AD2F7}.Release|x86.ActiveCfg = Release|Win32
		{BD92B7DC-CE23-47A7-B306-75A1972AD2F7}.Release|x86.Build.0 = Release|Win32
		{9FD630F7-5E47-49A9-9CD9-946A4D371848}.Debug|x64.ActiveCfg = Debug|x64
		{9FD630F7-5E47-49A9-9CD9-946A4D371848}.Debug|x64.Build.0 = Debug|x64
		{9FD630F7-5E47-49A9-9CD9-946A4D371848}.Debug|x86.ActiveCfg = Debug|Win32
		{9FD630F7-5E47-49A9-9CD9-946A4D371848}.Debug|x86.Build.0 = Debug|Win32
		{9FD630F7-5E47-49A9-9CD9-946A4D371848}.Release|x64.ActiveCfg = Release|x64
		{9FD630F7-5E47-49A9-9CD9-946A4D371848}.Release|x64.Build.0 = Release|x64
		{9FD630F7-5E47-49A9-9CD9-946A4D371848}.Release|x86.ActiveCfg = Release|Win32
		{9FD630F7-5E47-49A9-9CD9-946A4D371848}.Release|x86.Build.0 = Release|Win32
		{36ACA781-C187-4FD6-A76E-CA04FC7C6DE4}.Debug|x64.ActiveCfg = Debug|x64
		{36ACA781-C187-4FD6-A76E-CA04FC7C6DE4}.Debug|x64.Build.0 = Debug|x64
		{36ACA781-C187-4FD6-A76E-CA04FC7C6DE4}.Debug|x86.ActiveCfg = Debug|Win32
		{36ACA781-C187-4FD6-A76E-CA04FC7C6DE4}.Debug|x86.Build.0 = Debug|Win32
		{36ACA781-C187-4FD6-A76E-CA04FC7C6DE4}.Release|x64.ActiveCfg = Release|x64
		{36ACA781-C187-4FD6-A76E-CA04FC7C6DE4}.Release|x64.Build.0 = Release|x64
		{36ACA781-C187-4FD6-A76E-CA04FC7C6DE4}.Release|x86.ActiveCfg = Release|Win32
		{36ACA781-C187-4FD6-A76E-CA04FC7C6DE4}.Release|x86.Build.0 = Release|Win32
		{F92514A6-FED2-45B3-995C-94382F091EBF}.Debug|x64.ActiveCfg = Debug|x64
		{F92514A6-FED2-45B3-995C-94382F091EBF}.Debug|x64.Build.0 = Debug|x64
		{F92514A6-FED2-45B3-995C-94382F091EBF}.Debug|x86.ActiveCfg = Debug|Win32
		{F92514A6-FED2-45B3-995C-94382F091EBF}.Debug|x86.Build.0 = Debug|Win32
		{F92514A6-FED2-45B3-995C-94382F091EBF}.Release|x64.ActiveCfg = Release|x64
		{F92514A6-FED2-45B3-995C-94382F091EBF}.Release|x64.Build.0 = Release|x64
		{F92514A6-FED2-45B3-995C-94382F091EBF}.Release|x86.ActiveCfg = Release|Win32
		{F92514A6-FED2-45B3-995C-94382F091EBF}.Release|x86.Build.0 = Release|Win32
		{F0802527-80DD-4C06-8C2A-402BF277CF85}.Debug|x64.ActiveCfg = Debug|x64
		{F0802527-80DD-4C06-8C2A-402BF277CF85}.Debug|x64.Build.0 = Debug|x64
		{F0802527-80DD-4C06-8C2A-402BF277CF85}.Debug|x86.ActiveCfg = Debug|Win32
		{F0802527-80DD-4C06-8C2A-402BF277CF85}.Debug|x86.Build.0 = Debug|Win32
		{F0802527-80DD-4C06-8C2A-402BF277CF85}.Release|x64.ActiveCfg = Release|x64
		{F0802527-80DD-4C06-8C2A-402BF277CF85}.Release|x64.Build.0 = Release|x64
		{F0802527-80DD-4C06-8C2A-402BF277CF85}.Release|x86.ActiveCfg = Release|Win32
		{F0802527-80DD-4C06-8C2A-402BF277CF85}.Release|x86.Build.0 = Release|Win32
		{8611B8A3-4A98-462D-A9B6-6C85328A3FC0}.Debug|x64.ActiveCfg = Debug|x64
		{8611B8A3-4A98-462D-A9B6-6C85328A3FC0}.Debug|x64.Build.0 = Debug|x64
		{8611B8A3-4A98-462D-A9B6-6C85328A3FC0}.Debug|x86.ActiveCfg = Debug|Win32
		{8611B8A3-4A98-462D-A9B6-6C85328A3FC0}.Debug|x86.Build.0 = Debug|Win32
		{8611B8A3-4A98-462D-A9B6-6C85328A3FC0}.Release|x64.ActiveCfg = Release|x64
		{8611B8A3-4A98-462D-A9B6-6C85328A3FC0}.Release|x64.Build.0 = Release|x64
		{8611B8A3-4A98-462D-A9B6-6C85328A3FC0}.Release|x86.ActiveCfg = Release|Win32
		{8611B8A3-4A98-462D-A9B6-6C85328A3FC0}.Release|x86.Build.0 = Release|Win32
		{0273CA22-B59B-45DB-9E10-6C8FE4655DD1}.Debug|x64.ActiveCfg = Debug|x64
		{0273CA22-B59B-45DB-9E10-6C8FE4655DD1}.Debug|x64.Build.0 = Debug|x64
		{0273CA22-B59B-45DB-9E10-6C8FE4655DD1}.Debug|x86.ActiveCfg = Debug|Win32
		{0273CA22-B59B-45DB-9E10-6C8FE4655DD1}.Debug|x86.Build.0 = Debug|Win32
		{0273CA22-B59B-45DB-9E10-6C8FE4655DD1}.Release|x64.ActiveCfg = Release|x64
		{0273CA22-B59B-45DB-9E10-6C8FE4655DD1}.Release|x64.Build.0 = Release|x64
		{0273CA22-B59B-45DB-9E10-6C8FE4655DD1}.Release|x86.ActiveCfg = Release|Win32
		{0273CA22-B59B-45DB-9E10-6C8FE4655DD1}.Release|x86.Build.0 = Release|Win32
		{153E6C60-90B4-4EE9-8D26-24282B56E0C2}.Debug|x64.ActiveCfg = Debug|x64
		{153E6C60-90B4-4EE9-8D26-24282B56E0C2}.Debug|x64.Build.0 = Debug|x64
		{153E6C60-90B4-4EE9-8D26-24282B56E0C2}.Debug|x86.ActiveCfg = Debug|Win32
		{153E6C60-90B4-4EE9-8D26-24282B56E0C2}.Debug|x86.Build.0 = Debug|Win32
		{153E6C60-90B4-4EE9-8D26-24282B56E0C2}.Release|x64.ActiveCfg = Release|x64
		{153E6C60-90B4-4EE9-8D26-24282B56E0C2}.Release|x64.Build.0 = Release|x64
		{153E6C60-90B4-4EE9-8D26-24282B56E0C2}.Release|x86.ActiveCfg = Release|Win32
		{153E6C60-90B4-4EE9-8D26-24282B56E0C2}.Release|x86.Build.0 = Release|Win32
		{69091D67-45F6-4F6E-BD3F-946F2673BB3D}.Debug|x64.ActiveCfg = Debug|x64
		{69091D67-45F6-4F6E-BD3F-946F2673BB3D}.Debug|x64.Build.0 = Debug|x64
		{69091D67-45F6-4F6E-BD3F-946F2673BB3D}.Debug|x86.ActiveCfg = Debug|Win32
		{69091D67-45F6-4F6E-BD3F-946F2673BB3D}.Debug|x86.Build.0 = Debug|Win32
		{69091D67-45F6-4F6E-BD3F-946F2673BB3D}.Release|x64.ActiveCfg = Release|x64
		{69091D67-45F6-4F6E-BD3F-946F2673BB3D}.Release|x64.Build.0 = Release|x64
		{69091D67-45F6-4F6E-BD3F-946F2673BB3D}.Release|x86.ActiveCfg = Release|Win32
		{69091D67-45F6-4F6E-BD3F-946F2673BB3D}.Release|x86.Build.0 = Release|Win32
		{943DB0D9-AEF9-4F3A-AAA1-C42A2D500739}.Debug|x64.ActiveCfg = Debug|x64
		{943DB0D9-AEF9-4F3A-AAA1-C42A2D500739}.Debug|x64.Build.0 = Debug|x64
		{943DB0D9-AEF9-4F3A-AAA1-C42A2D500739}.Debug|x86.ActiveCfg = Debug|Win32
		{943DB0D9-AEF9-4F3A-AAA1-C42A2D500739}.Debug|x86.Build.0 = Debug|Win32
		{943DB0D9-AEF9-4F3A-AAA1-C42A2D500739}.Release|x64.ActiveCfg = Release|x64
		{943DB0D9-AEF9-4F3A-AAA1-C42A2D500739}.Release|x64.Build.0 = Release|x64
		{943DB0D9-AEF9-4F3A-AAA1-C42A2D500739}.Release|x86.ActiveCfg = Release|Win32
		{943DB0D9-AEF9-4F3A-AAA1-C42A2D500739}.Release|x86.Build.0 = Release|Win32
	EndGlobalSection
	GlobalSection(SolutionProperties) = preSolution
		HideSolutionNode = FALSE
	EndGlobalSection
	GlobalSection(ExtensibilityGlobals) = postSolution
		SolutionGuid = {F18589D1-7840-4454-8F41-50B24D8E4C2A}
	EndGlobalSection
EndGlobal
